<?xml version="1.0" encoding="utf-8"?>
<Project ToolsVersion="4.0" xmlns="http://schemas.microsoft.com/developer/msbuild/2003">
  <ItemGroup>
    <Filter Include="Fichiers de ressources">
      <UniqueIdentifier>{67DA6AB6-F800-4c08-8B7A-83BB121AAD01}</UniqueIdentifier>
      <Extensions>rc;ico;cur;bmp;dlg;rc2;rct;bin;rgs;gif;jpg;jpeg;jpe;resx;tiff;tif;png;wav;mfcribbon-ms</Extensions>
    </Filter>
  </ItemGroup>
  <ItemGroup>
    <ClInclude Include="Data.hpp" />
    <ClInclude Include="World\Grid.hpp" />
    <ClInclude Include="World\Tile.hpp" />
    <ClInclude Include="World\Viewer.hpp" />
    <ClInclude Include="UiElements\App.hpp" />
    <ClInclude Include="UiElements\InputBox.hpp" />
    <ClInclude Include="UiElements\Button.hpp" />
    <ClInclude Include="UiElements\Atlas.hpp" />
    <ClInclude Include="json.hpp" />
    <ClInclude Include="UiElements\UiItem.hpp" />
  </ItemGroup>
  <ItemGroup>
    <ClCompile Include="main.cpp" />
    <ClCompile Include="World\Grid.cpp" />
    <ClCompile Include="World\Tile.cpp" />
    <ClCompile Include="World\Viewer.cpp" />
    <ClCompile Include="UiElements\App.cpp" />
    <ClCompile Include="UiElements\InputBox.cpp" />
    <ClCompile Include="UiElements\Button.cpp" />
    <ClCompile Include="UiElements\Atlas.cpp" />
    <ClCompile Include="UiElements\UiItem.cpp" />
  </ItemGroup>
  <ItemGroup>
    <Image Include="Textures\Atlas.png">
      <Filter>Fichiers de ressources</Filter>
    </Image>
    <Image Include="Textures\AtlasTest.png">
      <Filter>Fichiers de ressources</Filter>
    </Image>
    <Image Include="Textures\TileMap.png">
      <Filter>Fichiers de ressources</Filter>
    </Image>
  </ItemGroup>
  <ItemGroup>
    <None Include="Tilemaps\Map.json" />
  </ItemGroup>
</Project>